
Microsoft Visual Studio Solution File, Format Version 12.00
# Visual Studio Version 16
VisualStudioVersion = 16.0.29102.190
MinimumVisualStudioVersion = 10.0.40219.1
Project("{888888A0-9F3D-457C-B088-3A5042F75D52}") = "DDAInnamoratiFunctions", "DDAInnamoratiFunctions.pyproj", "{630B362F-24BF-4BE0-BC5D-070ABCF43458}"
EndProject
Global
	GlobalSection(SolutionConfigurationPlatforms) = preSolution
		Debug|Any CPU = Debug|Any CPU
		Release|Any CPU = Release|Any CPU
	EndGlobalSection
	GlobalSection(ProjectConfigurationPlatforms) = postSolution
		{630B362F-24BF-4BE0-BC5D-070ABCF43458}.Debug|Any CPU.ActiveCfg = Debug|Any CPU
		{630B362F-24BF-4BE0-BC5D-070ABCF43458}.Release|Any CPU.ActiveCfg = Release|Any CPU
	EndGlobalSection
	GlobalSection(SolutionProperties) = preSolution
		HideSolutionNode = FALSE
	EndGlobalSection
	GlobalSection(ExtensibilityGlobals) = postSolution
		SolutionGuid = {0AA6F6EF-667F-47E9-A387-7A021D1C4758}
	EndGlobalSection
EndGlobal
